
Microsoft Visual Studio Solution File, Format Version 12.00
# Visual Studio Version 17
VisualStudioVersion = 17.2.32630.192
MinimumVisualStudioVersion = 10.0.40219.1
Project("{FAE04EC0-301F-11D3-BF4B-00C04F79EFBC}") = "LW2", "LW2\LW2.csproj", "{ED6AB19C-38BF-49BF-9C12-514D7C5A792D}"
EndProject
Global
	GlobalSection(SolutionConfigurationPlatforms) = preSolution
		Debug|Any CPU = Debug|Any CPU
		Release|Any CPU = Release|Any CPU
	EndGlobalSection
	GlobalSection(ProjectConfigurationPlatforms) = postSolution
		{ED6AB19C-38BF-49BF-9C12-514D7C5A792D}.Debug|Any CPU.ActiveCfg = Debug|Any CPU
		{ED6AB19C-38BF-49BF-9C12-514D7C5A792D}.Debug|Any CPU.Build.0 = Debug|Any CPU
		{ED6AB19C-38BF-49BF-9C12-514D7C5A792D}.Release|Any CPU.ActiveCfg = Release|Any CPU
		{ED6AB19C-38BF-49BF-9C12-514D7C5A792D}.Release|Any CPU.Build.0 = Release|Any CPU
	EndGlobalSection
	GlobalSection(SolutionProperties) = preSolution
		HideSolutionNode = FALSE
	EndGlobalSection
	GlobalSection(ExtensibilityGlobals) = postSolution
		SolutionGuid = {558648A7-45A0-4ADF-8061-475F3BBF55F9}
	EndGlobalSection
EndGlobal
